
Microsoft Visual Studio Solution File, Format Version 12.00
# Visual Studio Version 17
VisualStudioVersion = 17.14.35821.62 d17.14
MinimumVisualStudioVersion = 10.0.40219.1
Project("{FAE04EC0-301F-11D3-BF4B-00C04F79EFBC}") = "GEMNMS", "GEMNMS.csproj", "{4B0ECEED-BFF9-41A1-BC58-8FFF9B87717B}"
EndProject
Global
	GlobalSection(SolutionConfigurationPlatforms) = preSolution
		Debug|Any CPU = Debug|Any CPU
		Release|Any CPU = Release|Any CPU
	EndGlobalSection
	GlobalSection(ProjectConfigurationPlatforms) = postSolution
		{4B0ECEED-BFF9-41A1-BC58-8FFF9B87717B}.Debug|Any CPU.ActiveCfg = Debug|Any CPU
		{4B0ECEED-BFF9-41A1-BC58-8FFF9B87717B}.Debug|Any CPU.Build.0 = Debug|Any CPU
		{4B0ECEED-BFF9-41A1-BC58-8FFF9B87717B}.Release|Any CPU.ActiveCfg = Release|Any CPU
		{4B0ECEED-BFF9-41A1-BC58-8FFF9B87717B}.Release|Any CPU.Build.0 = Release|Any CPU
	EndGlobalSection
	GlobalSection(SolutionProperties) = preSolution
		HideSolutionNode = FALSE
	EndGlobalSection
	GlobalSection(ExtensibilityGlobals) = postSolution
		SolutionGuid = {28C802DC-B111-4FF0-A0A1-9C8A7CFA70DD}
	EndGlobalSection
EndGlobal
