
Microsoft Visual Studio Solution File, Format Version 12.00
# Visual Studio Version 17
VisualStudioVersion = 17.14.35821.62 d17.14
MinimumVisualStudioVersion = 10.0.40219.1
Project("{FAE04EC0-301F-11D3-BF4B-00C04F79EFBC}") = "ConsoleApp1", "ConsoleApp1.csproj", "{EA96403A-5D15-479D-BCF4-BB9C4A966880}"
EndProject
Global
	GlobalSection(SolutionConfigurationPlatforms) = preSolution
		Debug|Any CPU = Debug|Any CPU
		Release|Any CPU = Release|Any CPU
	EndGlobalSection
	GlobalSection(ProjectConfigurationPlatforms) = postSolution
		{EA96403A-5D15-479D-BCF4-BB9C4A966880}.Debug|Any CPU.ActiveCfg = Debug|Any CPU
		{EA96403A-5D15-479D-BCF4-BB9C4A966880}.Debug|Any CPU.Build.0 = Debug|Any CPU
		{EA96403A-5D15-479D-BCF4-BB9C4A966880}.Release|Any CPU.ActiveCfg = Release|Any CPU
		{EA96403A-5D15-479D-BCF4-BB9C4A966880}.Release|Any CPU.Build.0 = Release|Any CPU
	EndGlobalSection
	GlobalSection(SolutionProperties) = preSolution
		HideSolutionNode = FALSE
	EndGlobalSection
	GlobalSection(ExtensibilityGlobals) = postSolution
		SolutionGuid = {4437C5B6-A220-4DC0-B0D2-D0EA180FBAC5}
	EndGlobalSection
EndGlobal
